{
  "name": "skydrop",
  "version": "0.0.0",
  "lockfileVersion": 3,
  "requires": true,
  "packages": {
    "": {
      "name": "skydrop",
      "version": "0.0.0",
      "dependencies": {
        "framer-motion": "^12.42.2"
      },
      "devDependencies": {
        "@playwright/test": "^1.60.0",
        "@types/node": "^22.10.0",
        "prettier": "^3.4.0",
        "turbo": "^2.3.0",
        "typescript": "^5.7.0"
      },
      "engines": {
        "node": ">=22",
        "pnpm": ">=10"
      }
    },
    "node_modules/@playwright/test": {
      "version": "1.61.1",
      "resolved": "https://registry.npmjs.org/@playwright/test/-/test-1.61.1.tgz",
      "integrity": "sha512-8nKv6+0RJSL9FE4jYOEGXnPeM/Hg12qZpmqzZjRh3qM0Y7c3z1mrOTfFLids72RDQYVh9WpLEfR5WdpNX4fkig==",
      "dev": true,
      "license": "Apache-2.0",
      "dependencies": {
        "playwright": "1.61.1"
      },
      "bin": {
        "playwright": "cli.js"
      },
      "engines": {
        "node": ">=18"
      }
    },
    "node_modules/@turbo/darwin-64": {
      "version": "2.10.6",
      "resolved": "https://registry.npmjs.org/@turbo/darwin-64/-/darwin-64-2.10.6.tgz",
      "integrity": "sha512-S+yIyZkmjYBQbIM7sTqMAwnLeMjSK60Q9grUDPbTWvkRjbsn5k1Rt5sPvTX80M4PnlYQBwLiYsjlu6tHsuIqQQ==",
      "cpu": [
        "x64"
      ],
      "dev": true,
      "license": "MIT",
      "optional": true,
      "os": [
        "darwin"
      ]
    },
    "node_modules/@turbo/darwin-arm64": {
      "version": "2.10.6",
      "resolved": "https://registry.npmjs.org/@turbo/darwin-arm64/-/darwin-arm64-2.10.6.tgz",
      "integrity": "sha512-gnS8G78EjvJzDc1+tFES5BYXdlF+292n+h57G9G+5LJYelRh195f4Ed22RCo4EFIbI4Du9S5xfE9YjrqhoZaxQ==",
      "cpu": [
        "arm64"
      ],
      "dev": true,
      "license": "MIT",
      "optional": true,
      "os": [
        "darwin"
      ]
    },
    "node_modules/@turbo/linux-64": {
      "version": "2.10.6",
      "resolved": "https://registry.npmjs.org/@turbo/linux-64/-/linux-64-2.10.6.tgz",
      "integrity": "sha512-lPv5AVkzvhs4z6Isr2ZE2UYt9Ndym5aWSMEIRh9OROnAdyEG1CFugJwAn/aFuDMmiCoHasyvD5tTDmVVTTrYxw==",
      "cpu": [
        "x64"
      ],
      "dev": true,
      "license": "MIT",
      "optional": true,
      "os": [
        "linux"
      ]
    },
    "node_modules/@turbo/linux-arm64": {
      "version": "2.10.6",
      "resolved": "https://registry.npmjs.org/@turbo/linux-arm64/-/linux-arm64-2.10.6.tgz",
      "integrity": "sha512-yeQ24es8pz+FhZxt25HIXj4ml7HpWMrmOL1BtCP4XUz7mBJZdAfC7z7HGF+wPSUZoKmoSZbL4r4QWbRddhPZIQ==",
      "cpu": [
        "arm64"
      ],
      "dev": true,
      "license": "MIT",
      "optional": true,
      "os": [
        "linux"
      ]
    },
    "node_modules/@turbo/windows-64": {
      "version": "2.10.6",
      "resolved": "https://registry.npmjs.org/@turbo/windows-64/-/windows-64-2.10.6.tgz",
      "integrity": "sha512-JiFscBN83F43VG3oM+QU2LvgHcf11tgirLJ3c1QDJBtulTCbDwupzIjqB9yBlfiMWAe6g3ssD6gqLP6a4g7FzA==",
      "cpu": [
        "x64"
      ],
      "dev": true,
      "license": "MIT",
      "optional": true,
      "os": [
        "win32"
      ]
    },
    "node_modules/@turbo/windows-arm64": {
      "version": "2.10.6",
      "resolved": "https://registry.npmjs.org/@turbo/windows-arm64/-/windows-arm64-2.10.6.tgz",
      "integrity": "sha512-emWVdriXsaSVS5VXJxy4DppQ0UnGD+PUKu40DGjC3E5JXeoszL09B/1xU6B+Y8lJQg38cFoaB1NqGC4ayY5SQQ==",
      "cpu": [
        "arm64"
      ],
      "dev": true,
      "license": "MIT",
      "optional": true,
      "os": [
        "win32"
      ]
    },
    "node_modules/@types/node": {
      "version": "22.20.1",
      "resolved": "https://registry.npmjs.org/@types/node/-/node-22.20.1.tgz",
      "integrity": "sha512-EANqOCF9QFyra+4pfxUcX9STKJpCLjMbObVzljIJomAWSnuSIEAvyzEU53GaajbXJEgdh0iEcPL+DGvpUd4k1Q==",
      "dev": true,
      "license": "MIT",
      "dependencies": {
        "undici-types": "~6.21.0"
      }
    },
    "node_modules/framer-motion": {
      "version": "12.42.2",
      "resolved": "https://registry.npmjs.org/framer-motion/-/framer-motion-12.42.2.tgz",
      "integrity": "sha512-5XY9luDiu0oHfHBjpDthFMh0ES+122w6p/papSJBweMkO8Sn+PW2QaEgRblQBpWFnuvZS5qvarpt/hO2pjGmnw==",
      "license": "MIT",
      "dependencies": {
        "motion-dom": "^12.42.2",
        "motion-utils": "^12.39.0",
        "tslib": "^2.4.0"
      },
      "peerDependencies": {
        "@emotion/is-prop-valid": "*",
        "react": "^18.0.0 || ^19.0.0",
        "react-dom": "^18.0.0 || ^19.0.0"
      },
      "peerDependenciesMeta": {
        "@emotion/is-prop-valid": {
          "optional": true
        },
        "react": {
          "optional": true
        },
        "react-dom": {
          "optional": true
        }
      }
    },
    "node_modules/fsevents": {
      "version": "2.3.2",
      "resolved": "https://registry.npmjs.org/fsevents/-/fsevents-2.3.2.tgz",
      "integrity": "sha512-xiqMQR4xAeHTuB9uWm+fFRcIOgKBMiOBP+eXiyT7jsgVCq1bkVygt00oASowB7EdtpOHaaPgKt812P9ab+DDKA==",
      "dev": true,
      "hasInstallScript": true,
      "license": "MIT",
      "optional": true,
      "os": [
        "darwin"
      ],
      "engines": {
        "node": "^8.16.0 || ^10.6.0 || >=11.0.0"
      }
    },
    "node_modules/motion-dom": {
      "version": "12.42.2",
      "resolved": "https://registry.npmjs.org/motion-dom/-/motion-dom-12.42.2.tgz",
      "integrity": "sha512-5gIMWLp/PycBtJRJWRgjxke5n8dlvkSn2DrYW+tr3XcqAZY1xZh6BJyooJXCM8wdfM7wfMjkBJNLge1CKPUIRA==",
      "license": "MIT",
      "dependencies": {
        "motion-utils": "^12.39.0"
      }
    },
    "node_modules/motion-utils": {
      "version": "12.39.0",
      "resolved": "https://registry.npmjs.org/motion-utils/-/motion-utils-12.39.0.tgz",
      "integrity": "sha512-8nadJAJjTtqRkmRF36FoJTrywK9nnFmnPwnSMyxaOCU7GDjN9RTMJIxx9De8ErM+vpPhMccr/6fo5WciyQLnMQ==",
      "license": "MIT"
    },
    "node_modules/playwright": {
      "version": "1.61.1",
      "resolved": "https://registry.npmjs.org/playwright/-/playwright-1.61.1.tgz",
      "integrity": "sha512-DWnY5o3YbLWK4GovuAVwpqL+1VwGNdUGrRr++8j8PtQQzvAVZUIMjKQ90fY689sEJZJBbZVw1rXaOKSTitkzPQ==",
      "dev": true,
      "license": "Apache-2.0",
      "dependencies": {
        "playwright-core": "1.61.1"
      },
      "bin": {
        "playwright": "cli.js"
      },
      "engines": {
        "node": ">=18"
      },
      "optionalDependencies": {
        "fsevents": "2.3.2"
      }
    },
    "node_modules/playwright-core": {
      "version": "1.61.1",
      "resolved": "https://registry.npmjs.org/playwright-core/-/playwright-core-1.61.1.tgz",
      "integrity": "sha512-h7Qlt6m4REp25qvIdvbDtVmD4LqVXfpRxhORv9L0jzETM05p4fuPJ3dKyuSXQxDSbXnmS79HAgi9589lGSpLkg==",
      "dev": true,
      "license": "Apache-2.0",
      "bin": {
        "playwright-core": "cli.js"
      },
      "engines": {
        "node": ">=18"
      }
    },
    "node_modules/prettier": {
      "version": "3.9.6",
      "resolved": "https://registry.npmjs.org/prettier/-/prettier-3.9.6.tgz",
      "integrity": "sha512-OpN0zzVdiaiAhxpuuj5efpIS4sY9j7bY6uR5mnj5yPzGkdkjNKSJeUThPb60Jw29QuAZgA4o+/iB49kFiaBX6g==",
      "dev": true,
      "license": "MIT",
      "bin": {
        "prettier": "bin/prettier.cjs"
      },
      "engines": {
        "node": ">=14"
      },
      "funding": {
        "url": "https://github.com/prettier/prettier?sponsor=1"
      }
    },
    "node_modules/tslib": {
      "version": "2.8.1",
      "resolved": "https://registry.npmjs.org/tslib/-/tslib-2.8.1.tgz",
      "integrity": "sha512-oJFu94HQb+KVduSUQL7wnpmqnfmLsOA/nAh6b6EH0wCEoK0/mPeXU6c3wKDV83MkOuHPRHtSXKKU99IBazS/2w==",
      "license": "0BSD"
    },
    "node_modules/turbo": {
      "version": "2.10.6",
      "resolved": "https://registry.npmjs.org/turbo/-/turbo-2.10.6.tgz",
      "integrity": "sha512-3VfH7fK7WQ/ZHYjvfWyVnPRpcNaX3ZqXfGDMdc82eGdM0ESATyxFK4R4PM3wNsVFsdkUFZ4pZpkNeG37dxOv+g==",
      "dev": true,
      "license": "MIT",
      "bin": {
        "turbo": "bin/turbo"
      },
      "optionalDependencies": {
        "@turbo/darwin-64": "2.10.6",
        "@turbo/darwin-arm64": "2.10.6",
        "@turbo/linux-64": "2.10.6",
        "@turbo/linux-arm64": "2.10.6",
        "@turbo/windows-64": "2.10.6",
        "@turbo/windows-arm64": "2.10.6"
      }
    },
    "node_modules/typescript": {
      "version": "5.9.3",
      "resolved": "https://registry.npmjs.org/typescript/-/typescript-5.9.3.tgz",
      "integrity": "sha512-jl1vZzPDinLr9eUt3J/t7V6FgNEw9QjvBPdysz9KfQDD41fQrC2Y4vKQdiaUpFT4bXlb1RHhLpp8wtm6M5TgSw==",
      "dev": true,
      "license": "Apache-2.0",
      "bin": {
        "tsc": "bin/tsc",
        "tsserver": "bin/tsserver"
      },
      "engines": {
        "node": ">=14.17"
      }
    },
    "node_modules/undici-types": {
      "version": "6.21.0",
      "resolved": "https://registry.npmjs.org/undici-types/-/undici-types-6.21.0.tgz",
      "integrity": "sha512-iwDZqg0QAGrg9Rav5H4n0M64c3mkR59cJ6wQp+7C4nI0gsmExaedaYLNO44eT4AtBBwjbTiGPMlt2Md0T9H9JQ==",
      "dev": true,
      "license": "MIT"
    }
  }
}
